
Microsoft Visual Studio Solution File, Format Version 12.00
# Visual Studio Version 17
VisualStudioVersion = 17.8.34330.188
MinimumVisualStudioVersion = 10.0.40219.1
Project("{9A19103F-16F7-4668-BE54-9A1E7A4F7556}") = "Artcity58", "Artcity58\Artcity58.csproj", "{413A6A76-5858-41F8-BDEA-8A0D888941DE}"
EndProject
Project("{FAE04EC0-301F-11D3-BF4B-00C04F79EFBC}") = "Testforcurs", "Testforcurs\Testforcurs.csproj", "{43276EF6-79AB-4A17-83A5-391D97E5D36E}"
EndProject
Global
	GlobalSection(SolutionConfigurationPlatforms) = preSolution
		Debug|Any CPU = Debug|Any CPU
		Release|Any CPU = Release|Any CPU
	EndGlobalSection
	GlobalSection(ProjectConfigurationPlatforms) = postSolution
		{413A6A76-5858-41F8-BDEA-8A0D888941DE}.Debug|Any CPU.ActiveCfg = Debug|Any CPU
		{413A6A76-5858-41F8-BDEA-8A0D888941DE}.Debug|Any CPU.Build.0 = Debug|Any CPU
		{413A6A76-5858-41F8-BDEA-8A0D888941DE}.Release|Any CPU.ActiveCfg = Release|Any CPU
		{413A6A76-5858-41F8-BDEA-8A0D888941DE}.Release|Any CPU.Build.0 = Release|Any CPU
		{43276EF6-79AB-4A17-83A5-391D97E5D36E}.Debug|Any CPU.ActiveCfg = Debug|Any CPU
		{43276EF6-79AB-4A17-83A5-391D97E5D36E}.Debug|Any CPU.Build.0 = Debug|Any CPU
		{43276EF6-79AB-4A17-83A5-391D97E5D36E}.Release|Any CPU.ActiveCfg = Release|Any CPU
		{43276EF6-79AB-4A17-83A5-391D97E5D36E}.Release|Any CPU.Build.0 = Release|Any CPU
	EndGlobalSection
	GlobalSection(SolutionProperties) = preSolution
		HideSolutionNode = FALSE
	EndGlobalSection
	GlobalSection(ExtensibilityGlobals) = postSolution
		SolutionGuid = {57C79C03-1B81-45CD-A11A-24B34F0654E2}
	EndGlobalSection
EndGlobal
